// !$*UTF8*$!
{
	archiveVersion = 1;
	classes = {
	};
	objectVersion = 46;
	objects = {

/* Begin PBXBuildFile section */
		8F1FDCB71D3CF77000D17ED5 /* AppDelegate.swift in Sources */ = {isa = PBXBuildFile; fileRef = 8F1FDCB61D3CF77000D17ED5 /* AppDelegate.swift */; };
		8F1FDCB91D3CF77000D17ED5 /* ViewController.swift in Sources */ = {isa = PBXBuildFile; fileRef = 8F1FDCB81D3CF77000D17ED5 /* ViewController.swift */; };
		8F1FDCBC1D3CF77000D17ED5 /* Main.storyboard in Resources */ = {isa = PBXBuildFile; fileRef = 8F1FDCBA1D3CF77000D17ED5 /* Main.storyboard */; };
		8F1FDCBE1D3CF77000D17ED5 /* Assets.xcassets in Resources */ = {isa = PBXBuildFile; fileRef = 8F1FDCBD1D3CF77000D17ED5 /* Assets.xcassets */; };
		8F1FDCC11D3CF77000D17ED5 /* LaunchScreen.storyboard in Resources */ = {isa = PBXBuildFile; fileRef = 8F1FDCBF1D3CF77000D17ED5 /* LaunchScreen.storyboard */; };
		8F1FDCC91D3CFB0B00D17ED5 /* ListViewController.swift in Sources */ = {isa = PBXBuildFile; fileRef = 8F1FDCC81D3CFB0B00D17ED5 /* ListViewController.swift */; };
		8F2CC1C71D3F4FFD00963192 /* RequestHandler.swift in Sources */ = {isa = PBXBuildFile; fileRef = 8F2CC1C61D3F4FFD00963192 /* RequestHandler.swift */; };
/* End PBXBuildFile section */

/* Begin PBXFileReference section */
		8F1FDCB31D3CF77000D17ED5 /* Swift_Sample.app */ = {isa = PBXFileReference; explicitFileType = wrapper.application; includeInIndex = 0; path = Swift_Sample.app; sourceTree = BUILT_PRODUCTS_DIR; };
		8F1FDCB61D3CF77000D17ED5 /* AppDelegate.swift */ = {isa = PBXFileReference; lastKnownFileType = sourcecode.swift; path = AppDelegate.swift; sourceTree = "<group>"; };
		8F1FDCB81D3CF77000D17ED5 /* ViewController.swift */ = {isa = PBXFileReference; lastKnownFileType = sourcecode.swift; path = ViewController.swift; sourceTree = "<group>"; };
		8F1FDCBB1D3CF77000D17ED5 /* Base */ = {isa = PBXFileReference; lastKnownFileType = file.storyboard; name = Base; path = Base.lproj/Main.storyboard; sourceTree = "<group>"; };
		8F1FDCBD1D3CF77000D17ED5 /* Assets.xcassets */ = {isa = PBXFileReference; lastKnownFileType = folder.assetcatalog; path = Assets.xcassets; sourceTree = "<group>"; };
		8F1FDCC01D3CF77000D17ED5 /* Base */ = {isa = PBXFileReference; lastKnownFileType = file.storyboard; name = Base; path = Base.lproj/LaunchScreen.storyboard; sourceTree = "<group>"; };
		8F1FDCC21D3CF77000D17ED5 /* Info.plist */ = {isa = PBXFileReference; lastKnownFileType = text.plist.xml; path = Info.plist; sourceTree = "<group>"; };
		8F1FDCC81D3CFB0B00D17ED5 /* ListViewController.swift */ = {isa = PBXFileReference; fileEncoding = 4; lastKnownFileType = sourcecode.swift; path = ListViewController.swift; sourceTree = "<group>"; };
		8F2CC1C61D3F4FFD00963192 /* RequestHandler.swift */ = {isa = PBXFileReference; fileEncoding = 4; lastKnownFileType = sourcecode.swift; path = RequestHandler.swift; sourceTree = "<group>"; };
/* End PBXFileReference section */

/* Begin PBXFrameworksBuildPhase section */
		8F1FDCB01D3CF77000D17ED5 /* Frameworks */ = {
			isa = PBXFrameworksBuildPhase;
			buildActionMask = 2147483647;
			files = (
			);
			runOnlyForDeploymentPostprocessing = 0;
		};
/* End PBXFrameworksBuildPhase section */

/* Begin PBXGroup section */
		8F1FDCAA1D3CF77000D17ED5 = {
			isa = PBXGroup;
			children = (
				8F1FDCB51D3CF77000D17ED5 /* Swift_Sample */,
				8F1FDCB41D3CF77000D17ED5 /* Products */,
			);
			sourceTree = "<group>";
		};
		8F1FDCB41D3CF77000D17ED5 /* Products */ = {
			isa = PBXGroup;
			children = (
				8F1FDCB31D3CF77000D17ED5 /* Swift_Sample.app */,
			);
			name = Products;
			sourceTree = "<group>";
		};
		8F1FDCB51D3CF77000D17ED5 /* Swift_Sample */ = {
			isa = PBXGroup;
			children = (
				8F1FDCB61D3CF77000D17ED5 /* AppDelegate.swift */,
				8F1FDCB81D3CF77000D17ED5 /* ViewController.swift */,
				8F1FDCC81D3CFB0B00D17ED5 /* ListViewController.swift */,
				8F2CC1C61D3F4FFD00963192 /* RequestHandler.swift */,
				8F1FDCBA1D3CF77000D17ED5 /* Main.storyboard */,
				8F1FDCBD1D3CF77000D17ED5 /* Assets.xcassets */,
				8F1FDCBF1D3CF77000D17ED5 /* LaunchScreen.storyboard */,
				8F1FDCC21D3CF77000D17ED5 /* Info.plist */,
			);
			path = Swift_Sample;
			sourceTree = "<group>";
		};
/* End PBXGroup section */

/* Begin PBXNativeTarget section */
		8F1FDCB21D3CF77000D17ED5 /* Swift_Sample */ = {
			isa = PBXNativeTarget;
			buildConfigurationList = 8F1FDCC51D3CF77000D17ED5 /* Build configuration list for PBXNativeTarget "Swift_Sample" */;
			buildPhases = (
				8F1FDCAF1D3CF77000D17ED5 /* Sources */,
				8F1FDCB01D3CF77000D17ED5 /* Frameworks */,
				8F1FDCB11D3CF77000D17ED5 /* Resources */,
			);
			buildRules = (
			);
			dependencies = (
			);
			name = Swift_Sample;
			productName = Swift_Sample;
			productReference = 8F1FDCB31D3CF77000D17ED5 /* Swift_Sample.app */;
			productType = "com.apple.product-type.application";
		};
/* End PBXNativeTarget section */

/* Begin PBXProject section */
		8F1FDCAB1D3CF77000D17ED5 /* Project object */ = {
			isa = PBXProject;
			attributes = {
				LastSwiftUpdateCheck = 0730;
				LastUpgradeCheck = 0730;
				ORGANIZATIONNAME = "Raju Istalla";
				TargetAttributes = {
					8F1FDCB21D3CF77000D17ED5 = {
						CreatedOnToolsVersion = 7.3;
					};
				};
			};
			buildConfigurationList = 8F1FDCAE1D3CF77000D17ED5 /* Build configuration list for PBXProject "Swift_Sample" */;
			compatibilityVersion = "Xcode 3.2";
			developmentRegion = English;
			hasScannedForEncodings = 0;
			knownRegions = (
				en,
				Base,
			);
			mainGroup = 8F1FDCAA1D3CF77000D17ED5;
			productRefGroup = 8F1FDCB41D3CF77000D17ED5 /* Products */;
			projectDirPath = "";
			projectRoot = "";
			targets = (
				8F1FDCB21D3CF77000D17ED5 /* Swift_Sample */,
			);
		};
/* End PBXProject section */

/* Begin PBXResourcesBuildPhase section */
		8F1FDCB11D3CF77000D17ED5 /* Resources */ = {
			isa = PBXResourcesBuildPhase;
			buildActionMask = 2147483647;
			files = (
				8F1FDCC11D3CF77000D17ED5 /* LaunchScreen.storyboard in Resources */,
				8F1FDCBE1D3CF77000D17ED5 /* Assets.xcassets in Resources */,
				8F1FDCBC1D3CF77000D17ED5 /* Main.storyboard in Resources */,
			);
			runOnlyForDeploymentPostprocessing = 0;
		};
/* End PBXResourcesBuildPhase section */

/* Begin PBXSourcesBuildPhase section */
		8F1FDCAF1D3CF77000D17ED5 /* Sources */ = {
			isa = PBXSourcesBuildPhase;
			buildActionMask = 2147483647;
			files = (
				8F1FDCB91D3CF77000D17ED5 /* ViewController.swift in Sources */,
				8F1FDCB71D3CF77000D17ED5 /* AppDelegate.swift in Sources */,
				8F2CC1C71D3F4FFD00963192 /* RequestHandler.swift in Sources */,
				8F1FDCC91D3CFB0B00D17ED5 /* ListViewController.swift in Sources */,
			);
			runOnlyForDeploymentPostprocessing = 0;
		};
/* End PBXSourcesBuildPhase section */

/* Begin PBXVariantGroup section */
		8F1FDCBA1D3CF77000D17ED5 /* Main.storyboard */ = {
			isa = PBXVariantGroup;
			children = (
				8F1FDCBB1D3CF77000D17ED5 /* Base */,
			);
			name = Main.storyboard;
			sourceTree = "<group>";
		};
		8F1FDCBF1D3CF77000D17ED5 /* LaunchScreen.storyboard */ = {
			isa = PBXVariantGroup;
			children = (
				8F1FDCC01D3CF77000D17ED5 /* Base */,
			);
			name = LaunchScreen.storyboard;
			sourceTree = "<group>";
		};
/* End PBXVariantGroup section */

/* Begin XCBuildConfiguration section */
		8F1FDCC31D3CF77000D17ED5 /* Debug */ = {
			isa = XCBuildConfiguration;
			buildSettings = {
				ALWAYS_SEARCH_USER_PATHS = NO;
				CLANG_ANALYZER_NONNULL = YES;
				CLANG_CXX_LANGUAGE_STANDARD = "gnu++0x";
				CLANG_CXX_LIBRARY = "libc++";
				CLANG_ENABLE_MODULES = YES;
				CLANG_ENABLE_OBJC_ARC = YES;
				CLANG_WARN_BOOL_CONVERSION = YES;
				CLANG_WARN_CONSTANT_CONVERSION = YES;
				CLANG_WARN_DIRECT_OBJC_ISA_USAGE = YES_ERROR;
				CLANG_WARN_EMPTY_BODY = YES;
				CLANG_WARN_ENUM_CONVERSION = YES;
				CLANG_WARN_INT_CONVERSION = YES;
				CLANG_WARN_OBJC_ROOT_CLASS = YES_ERROR;
				CLANG_WARN_UNREACHABLE_CODE = YES;
				CLANG_WARN__DUPLICATE_METHOD_MATCH = YES;
				"CODE_SIGN_IDENTITY[sdk=iphoneos*]" = "iPhone Developer";
				COPY_PHASE_STRIP = NO;
				DEBUG_INFORMATION_FORMAT = dwarf;
				ENABLE_STRICT_OBJC_MSGSEND = YES;
				ENABLE_TESTABILITY = YES;
				GCC_C_LANGUAGE_STANDARD = gnu99;
				GCC_DYNAMIC_NO_PIC = NO;
				GCC_NO_COMMON_BLOCKS = YES;
				GCC_OPTIMIZATION_LEVEL = 0;
				GCC_PREPROCESSOR_DEFINITIONS = (
					"DEBUG=1",
					"$(inherited)",
				);
				GCC_WARN_64_TO_32_BIT_CONVERSION = YES;
				GCC_WARN_ABOUT_RETURN_TYPE = YES_ERROR;
				GCC_WARN_UNDECLARED_SELECTOR = YES;
				GCC_WARN_UNINITIALIZED_AUTOS = YES_AGGRESSIVE;
				GCC_WARN_UNUSED_FUNCTION = YES;
				GCC_WARN_UNUSED_VARIABLE = YES;
				IPHONEOS_DEPLOYMENT_TARGET = 9.3;
				MTL_ENABLE_DEBUG_INFO = YES;
				ONLY_ACTIVE_ARCH = YES;
				SDKROOT = iphoneos;
				SWIFT_OPTIMIZATION_LEVEL = "-Onone";
			};
			name = Debug;
		};
		8F1FDCC41D3CF77000D17ED5 /* Release */ = {
			isa = XCBuildConfiguration;
			buildSettings = {
				ALWAYS_SEARCH_USER_PATHS = NO;
				CLANG_ANALYZER_NONNULL = YES;
				CLANG_CXX_LANGUAGE_STANDARD = "gnu++0x";
				CLANG_CXX_LIBRARY = "libc++";
				CLANG_ENABLE_MODULES = YES;
				CLANG_ENABLE_OBJC_ARC = YES;
				CLANG_WARN_BOOL_CONVERSION = YES;
				CLANG_WARN_CONSTANT_CONVERSION = YES;
				CLANG_WARN_DIRECT_OBJC_ISA_USAGE = YES_ERROR;
				CLANG_WARN_EMPTY_BODY = YES;
				CLANG_WARN_ENUM_CONVERSION = YES;
				CLANG_WARN_INT_CONVERSION = YES;
				CLANG_WARN_OBJC_ROOT_CLASS = YES_ERROR;
				CLANG_WARN_UNREACHABLE_CODE = YES;
				CLANG_WARN__DUPLICATE_METHOD_MATCH = YES;
				"CODE_SIGN_IDENTITY[sdk=iphoneos*]" = "iPhone Developer";
				COPY_PHASE_STRIP = NO;
				DEBUG_INFORMATION_FORMAT = "dwarf-with-dsym";
				ENABLE_NS_ASSERTIONS = NO;
				ENABLE_STRICT_OBJC_MSGSEND = YES;
				GCC_C_LANGUAGE_STANDARD = gnu99;
				GCC_NO_COMMON_BLOCKS = YES;
				GCC_WARN_64_TO_32_BIT_CONVERSION = YES;
				GCC_WARN_ABOUT_RETURN_TYPE = YES_ERROR;
				GCC_WARN_UNDECLARED_SELECTOR = YES;
				GCC_WARN_UNINITIALIZED_AUTOS = YES_AGGRESSIVE;
				GCC_WARN_UNUSED_FUNCTION = YES;
				GCC_WARN_UNUSED_VARIABLE = YES;
				IPHONEOS_DEPLOYMENT_TARGET = 9.3;
				MTL_ENABLE_DEBUG_INFO = NO;
				SDKROOT = iphoneos;
				VALIDATE_PRODUCT = YES;
			};
			name = Release;
		};
		8F1FDCC61D3CF77000D17ED5 /* Debug */ = {
			isa = XCBuildConfiguration;
			buildSettings = {
				ASSETCATALOG_COMPILER_APPICON_NAME = AppIcon;
				INFOPLIST_FILE = Swift_Sample/Info.plist;
				LD_RUNPATH_SEARCH_PATHS = "$(inherited) @executable_path/Frameworks";
				PRODUCT_BUNDLE_IDENTIFIER = "com.Simbes.Swift-Sample";
				PRODUCT_NAME = "$(TARGET_NAME)";
			};
			name = Debug;
		};
		8F1FDCC71D3CF77000D17ED5 /* Release */ = {
			isa = XCBuildConfiguration;
			buildSettings = {
				ASSETCATALOG_COMPILER_APPICON_NAME = AppIcon;
				INFOPLIST_FILE = Swift_Sample/Info.plist;
				LD_RUNPATH_SEARCH_PATHS = "$(inherited) @executable_path/Frameworks";
				PRODUCT_BUNDLE_IDENTIFIER = "com.Simbes.Swift-Sample";
				PRODUCT_NAME = "$(TARGET_NAME)";
			};
			name = Release;
		};
/* End XCBuildConfiguration section */

/* Begin XCConfigurationList section */
		8F1FDCAE1D3CF77000D17ED5 /* Build configuration list for PBXProject "Swift_Sample" */ = {
			isa = XCConfigurationList;
			buildConfigurations = (
				8F1FDCC31D3CF77000D17ED5 /* Debug */,
				8F1FDCC41D3CF77000D17ED5 /* Release */,
			);
			defaultConfigurationIsVisible = 0;
			defaultConfigurationName = Release;
		};
		8F1FDCC51D3CF77000D17ED5 /* Build configuration list for PBXNativeTarget "Swift_Sample" */ = {
			isa = XCConfigurationList;
			buildConfigurations = (
				8F1FDCC61D3CF77000D17ED5 /* Debug */,
				8F1FDCC71D3CF77000D17ED5 /* Release */,
			);
			defaultConfigurationIsVisible = 0;
			defaultConfigurationName = Release;
		};
/* End XCConfigurationList section */
	};
	rootObject = 8F1FDCAB1D3CF77000D17ED5 /* Project object */;
}
